
Microsoft Visual Studio Solution File, Format Version 12.00
# Visual Studio 14
VisualStudioVersion = 14.0.23107.0
MinimumVisualStudioVersion = 10.0.40219.1
Project("{F2A71F9B-5D33-465A-A702-920D77279786}") = "Falcon", "Falcon\Falcon.fsproj", "{733431D7-ED20-4288-8998-2272BAD587DC}"
EndProject
Global
	GlobalSection(SolutionConfigurationPlatforms) = preSolution
		Debug|Any CPU = Debug|Any CPU
		Release|Any CPU = Release|Any CPU
	EndGlobalSection
	GlobalSection(ProjectConfigurationPlatforms) = postSolution
		{733431D7-ED20-4288-8998-2272BAD587DC}.Debug|Any CPU.ActiveCfg = Debug|Any CPU
		{733431D7-ED20-4288-8998-2272BAD587DC}.Debug|Any CPU.Build.0 = Debug|Any CPU
		{733431D7-ED20-4288-8998-2272BAD587DC}.Release|Any CPU.ActiveCfg = Release|Any CPU
		{733431D7-ED20-4288-8998-2272BAD587DC}.Release|Any CPU.Build.0 = Release|Any CPU
	EndGlobalSection
	GlobalSection(SolutionProperties) = preSolution
		HideSolutionNode = FALSE
	EndGlobalSection
EndGlobal
